
Microsoft Visual Studio Solution File, Format Version 12.00
# Visual Studio Version 16
VisualStudioVersion = 16.0.30907.101
MinimumVisualStudioVersion = 10.0.40219.1
Project("{9A19103F-16F7-4668-BE54-9A1E7A4F7556}") = "WebsiteLambda", "WebsiteLambda\WebsiteLambda.csproj", "{4FE8179B-D616-46E3-B852-DC40B36A34AF}"
EndProject
Project("{9A19103F-16F7-4668-BE54-9A1E7A4F7556}") = "WebsiteLambda.Tests", "WebsiteLambda.Tests\WebsiteLambda.Tests.csproj", "{4F7E0E5C-29D8-4823-9D6A-2301B278ECA5}"
EndProject
Project("{9A19103F-16F7-4668-BE54-9A1E7A4F7556}") = "WebsiteLambda.Data", "WebsiteLambda.DataLayer\WebsiteLambda.Data.csproj", "{1618DF7B-D47F-432F-94B6-F28B7E5CF4FE}"
EndProject
Project("{9A19103F-16F7-4668-BE54-9A1E7A4F7556}") = "WebsiteLambda.Data.Tests", "WebsiteLambda.DataLayer.Tests\WebsiteLambda.Data.Tests.csproj", "{86B49830-1E64-4CA0-9C13-CEADD049C11C}"
EndProject
Project("{9A19103F-16F7-4668-BE54-9A1E7A4F7556}") = "WebsiteLambda.Business", "WebsiteLambda.Business\WebsiteLambda.Business.csproj", "{E30649C6-7494-4B61-BA48-9E6423890E98}"
EndProject
Project("{9A19103F-16F7-4668-BE54-9A1E7A4F7556}") = "WebsiteLambda.Business.Tests", "WebsiteLambda.Business.Tests\WebsiteLambda.Business.Tests.csproj", "{03A4F74D-6516-4270-9673-65655453CCD8}"
EndProject
Project("{9A19103F-16F7-4668-BE54-9A1E7A4F7556}") = "WebsiteLambda.Models", "WebsiteLambda.Models\WebsiteLambda.Models.csproj", "{712B07DD-F8DD-40E1-9B3A-10EF2AB8671A}"
EndProject
Project("{9A19103F-16F7-4668-BE54-9A1E7A4F7556}") = "WebsiteLambda.Data.Interface", "WebsiteLambda.Data.Interface\WebsiteLambda.Data.Interface.csproj", "{10F34913-03B7-45D5-9423-12304DE61896}"
EndProject
Project("{9A19103F-16F7-4668-BE54-9A1E7A4F7556}") = "WebsiteLambda.Business.Interface", "WebsiteLambda.Business.Interface\WebsiteLambda.Business.Interface.csproj", "{DD9520E4-D19E-4906-A53E-102B240EE5C2}"
EndProject
Global
	GlobalSection(SolutionConfigurationPlatforms) = preSolution
		Debug|Any CPU = Debug|Any CPU
		Release|Any CPU = Release|Any CPU
	EndGlobalSection
	GlobalSection(ProjectConfigurationPlatforms) = postSolution
		{4FE8179B-D616-46E3-B852-DC40B36A34AF}.Debug|Any CPU.ActiveCfg = Debug|Any CPU
		{4FE8179B-D616-46E3-B852-DC40B36A34AF}.Debug|Any CPU.Build.0 = Debug|Any CPU
		{4FE8179B-D616-46E3-B852-DC40B36A34AF}.Release|Any CPU.ActiveCfg = Release|Any CPU
		{4FE8179B-D616-46E3-B852-DC40B36A34AF}.Release|Any CPU.Build.0 = Release|Any CPU
		{4F7E0E5C-29D8-4823-9D6A-2301B278ECA5}.Debug|Any CPU.ActiveCfg = Debug|Any CPU
		{4F7E0E5C-29D8-4823-9D6A-2301B278ECA5}.Debug|Any CPU.Build.0 = Debug|Any CPU
		{4F7E0E5C-29D8-4823-9D6A-2301B278ECA5}.Release|Any CPU.ActiveCfg = Release|Any CPU
		{4F7E0E5C-29D8-4823-9D6A-2301B278ECA5}.Release|Any CPU.Build.0 = Release|Any CPU
		{1618DF7B-D47F-432F-94B6-F28B7E5CF4FE}.Debug|Any CPU.ActiveCfg = Debug|Any CPU
		{1618DF7B-D47F-432F-94B6-F28B7E5CF4FE}.Debug|Any CPU.Build.0 = Debug|Any CPU
		{1618DF7B-D47F-432F-94B6-F28B7E5CF4FE}.Release|Any CPU.ActiveCfg = Release|Any CPU
		{1618DF7B-D47F-432F-94B6-F28B7E5CF4FE}.Release|Any CPU.Build.0 = Release|Any CPU
		{86B49830-1E64-4CA0-9C13-CEADD049C11C}.Debug|Any CPU.ActiveCfg = Debug|Any CPU
		{86B49830-1E64-4CA0-9C13-CEADD049C11C}.Debug|Any CPU.Build.0 = Debug|Any CPU
		{86B49830-1E64-4CA0-9C13-CEADD049C11C}.Release|Any CPU.ActiveCfg = Release|Any CPU
		{86B49830-1E64-4CA0-9C13-CEADD049C11C}.Release|Any CPU.Build.0 = Release|Any CPU
		{E30649C6-7494-4B61-BA48-9E6423890E98}.Debug|Any CPU.ActiveCfg = Debug|Any CPU
		{E30649C6-7494-4B61-BA48-9E6423890E98}.Debug|Any CPU.Build.0 = Debug|Any CPU
		{E30649C6-7494-4B61-BA48-9E6423890E98}.Release|Any CPU.ActiveCfg = Release|Any CPU
		{E30649C6-7494-4B61-BA48-9E6423890E98}.Release|Any CPU.Build.0 = Release|Any CPU
		{03A4F74D-6516-4270-9673-65655453CCD8}.Debug|Any CPU.ActiveCfg = Debug|Any CPU
		{03A4F74D-6516-4270-9673-65655453CCD8}.Debug|Any CPU.Build.0 = Debug|Any CPU
		{03A4F74D-6516-4270-9673-65655453CCD8}.Release|Any CPU.ActiveCfg = Release|Any CPU
		{03A4F74D-6516-4270-9673-65655453CCD8}.Release|Any CPU.Build.0 = Release|Any CPU
		{712B07DD-F8DD-40E1-9B3A-10EF2AB8671A}.Debug|Any CPU.ActiveCfg = Debug|Any CPU
		{712B07DD-F8DD-40E1-9B3A-10EF2AB8671A}.Debug|Any CPU.Build.0 = Debug|Any CPU
		{712B07DD-F8DD-40E1-9B3A-10EF2AB8671A}.Release|Any CPU.ActiveCfg = Release|Any CPU
		{712B07DD-F8DD-40E1-9B3A-10EF2AB8671A}.Release|Any CPU.Build.0 = Release|Any CPU
		{10F34913-03B7-45D5-9423-12304DE61896}.Debug|Any CPU.ActiveCfg = Debug|Any CPU
		{10F34913-03B7-45D5-9423-12304DE61896}.Debug|Any CPU.Build.0 = Debug|Any CPU
		{10F34913-03B7-45D5-9423-12304DE61896}.Release|Any CPU.ActiveCfg = Release|Any CPU
		{10F34913-03B7-45D5-9423-12304DE61896}.Release|Any CPU.Build.0 = Release|Any CPU
		{DD9520E4-D19E-4906-A53E-102B240EE5C2}.Debug|Any CPU.ActiveCfg = Debug|Any CPU
		{DD9520E4-D19E-4906-A53E-102B240EE5C2}.Debug|Any CPU.Build.0 = Debug|Any CPU
		{DD9520E4-D19E-4906-A53E-102B240EE5C2}.Release|Any CPU.ActiveCfg = Release|Any CPU
		{DD9520E4-D19E-4906-A53E-102B240EE5C2}.Release|Any CPU.Build.0 = Release|Any CPU
	EndGlobalSection
	GlobalSection(SolutionProperties) = preSolution
		HideSolutionNode = FALSE
	EndGlobalSection
	GlobalSection(ExtensibilityGlobals) = postSolution
		SolutionGuid = {E149534F-9848-45E3-9F75-FC8598812DCE}
	EndGlobalSection
EndGlobal
